// !$*UTF8*$!
{
	archiveVersion = 1;
	classes = {
	};
	objectVersion = 46;
	objects = {

/* Begin PBXBuildFile section */
		83864F6B1F15A1E20095D42B /* AppDelegate.swift in Sources */ = {isa = PBXBuildFile; fileRef = 83864F6A1F15A1E20095D42B /* AppDelegate.swift */; };
		83864F6D1F15A1E20095D42B /* ViewController.swift in Sources */ = {isa = PBXBuildFile; fileRef = 83864F6C1F15A1E20095D42B /* ViewController.swift */; };
		83864F6F1F15A1E20095D42B /* Assets.xcassets in Resources */ = {isa = PBXBuildFile; fileRef = 83864F6E1F15A1E20095D42B /* Assets.xcassets */; };
		83864F721F15A1E20095D42B /* Main.storyboard in Resources */ = {isa = PBXBuildFile; fileRef = 83864F701F15A1E20095D42B /* Main.storyboard */; };
		83864F7D1F15A1E30095D42B /* FirstTests.swift in Sources */ = {isa = PBXBuildFile; fileRef = 83864F7C1F15A1E30095D42B /* FirstTests.swift */; };
		83864F881F15A1E30095D42B /* FirstUITests.swift in Sources */ = {isa = PBXBuildFile; fileRef = 83864F871F15A1E30095D42B /* FirstUITests.swift */; };
/* End PBXBuildFile section */

/* Begin PBXContainerItemProxy section */
		83864F791F15A1E30095D42B /* PBXContainerItemProxy */ = {
			isa = PBXContainerItemProxy;
			containerPortal = 83864F5F1F15A1E20095D42B /* Project object */;
			proxyType = 1;
			remoteGlobalIDString = 83864F661F15A1E20095D42B;
			remoteInfo = First;
		};
		83864F841F15A1E30095D42B /* PBXContainerItemProxy */ = {
			isa = PBXContainerItemProxy;
			containerPortal = 83864F5F1F15A1E20095D42B /* Project object */;
			proxyType = 1;
			remoteGlobalIDString = 83864F661F15A1E20095D42B;
			remoteInfo = First;
		};
/* End PBXContainerItemProxy section */

/* Begin PBXFileReference section */
		83864F671F15A1E20095D42B /* First.app */ = {isa = PBXFileReference; explicitFileType = wrapper.application; includeInIndex = 0; path = First.app; sourceTree = BUILT_PRODUCTS_DIR; };
		83864F6A1F15A1E20095D42B /* AppDelegate.swift */ = {isa = PBXFileReference; lastKnownFileType = sourcecode.swift; path = AppDelegate.swift; sourceTree = "<group>"; };
		83864F6C1F15A1E20095D42B /* ViewController.swift */ = {isa = PBXFileReference; lastKnownFileType = sourcecode.swift; path = ViewController.swift; sourceTree = "<group>"; };
		83864F6E1F15A1E20095D42B /* Assets.xcassets */ = {isa = PBXFileReference; lastKnownFileType = folder.assetcatalog; path = Assets.xcassets; sourceTree = "<group>"; };
		83864F711F15A1E20095D42B /* Base */ = {isa = PBXFileReference; lastKnownFileType = file.storyboard; name = Base; path = Base.lproj/Main.storyboard; sourceTree = "<group>"; };
		83864F731F15A1E20095D42B /* Info.plist */ = {isa = PBXFileReference; lastKnownFileType = text.plist.xml; path = Info.plist; sourceTree = "<group>"; };
		83864F781F15A1E30095D42B /* FirstTests.xctest */ = {isa = PBXFileReference; explicitFileType = wrapper.cfbundle; includeInIndex = 0; path = FirstTests.xctest; sourceTree = BUILT_PRODUCTS_DIR; };
		83864F7C1F15A1E30095D42B /* FirstTests.swift */ = {isa = PBXFileReference; lastKnownFileType = sourcecode.swift; path = FirstTests.swift; sourceTree = "<group>"; };
		83864F7E1F15A1E30095D42B /* Info.plist */ = {isa = PBXFileReference; lastKnownFileType = text.plist.xml; path = Info.plist; sourceTree = "<group>"; };
		83864F831F15A1E30095D42B /* FirstUITests.xctest */ = {isa = PBXFileReference; explicitFileType = wrapper.cfbundle; includeInIndex = 0; path = FirstUITests.xctest; sourceTree = BUILT_PRODUCTS_DIR; };
		83864F871F15A1E30095D42B /* FirstUITests.swift */ = {isa = PBXFileReference; lastKnownFileType = sourcecode.swift; path = FirstUITests.swift; sourceTree = "<group>"; };
		83864F891F15A1E30095D42B /* Info.plist */ = {isa = PBXFileReference; lastKnownFileType = text.plist.xml; path = Info.plist; sourceTree = "<group>"; };
/* End PBXFileReference section */

/* Begin PBXFrameworksBuildPhase section */
		83864F641F15A1E20095D42B /* Frameworks */ = {
			isa = PBXFrameworksBuildPhase;
			buildActionMask = 2147483647;
			files = (
			);
			runOnlyForDeploymentPostprocessing = 0;
		};
		83864F751F15A1E30095D42B /* Frameworks */ = {
			isa = PBXFrameworksBuildPhase;
			buildActionMask = 2147483647;
			files = (
			);
			runOnlyForDeploymentPostprocessing = 0;
		};
		83864F801F15A1E30095D42B /* Frameworks */ = {
			isa = PBXFrameworksBuildPhase;
			buildActionMask = 2147483647;
			files = (
			);
			runOnlyForDeploymentPostprocessing = 0;
		};
/* End PBXFrameworksBuildPhase section */

/* Begin PBXGroup section */
		83864F5E1F15A1E20095D42B = {
			isa = PBXGroup;
			children = (
				83864F691F15A1E20095D42B /* First */,
				83864F7B1F15A1E30095D42B /* FirstTests */,
				83864F861F15A1E30095D42B /* FirstUITests */,
				83864F681F15A1E20095D42B /* Products */,
			);
			sourceTree = "<group>";
		};
		83864F681F15A1E20095D42B /* Products */ = {
			isa = PBXGroup;
			children = (
				83864F671F15A1E20095D42B /* First.app */,
				83864F781F15A1E30095D42B /* FirstTests.xctest */,
				83864F831F15A1E30095D42B /* FirstUITests.xctest */,
			);
			name = Products;
			sourceTree = "<group>";
		};
		83864F691F15A1E20095D42B /* First */ = {
			isa = PBXGroup;
			children = (
				83864F6A1F15A1E20095D42B /* AppDelegate.swift */,
				83864F6C1F15A1E20095D42B /* ViewController.swift */,
				83864F6E1F15A1E20095D42B /* Assets.xcassets */,
				83864F701F15A1E20095D42B /* Main.storyboard */,
				83864F731F15A1E20095D42B /* Info.plist */,
			);
			path = First;
			sourceTree = "<group>";
		};
		83864F7B1F15A1E30095D42B /* FirstTests */ = {
			isa = PBXGroup;
			children = (
				83864F7C1F15A1E30095D42B /* FirstTests.swift */,
				83864F7E1F15A1E30095D42B /* Info.plist */,
			);
			path = FirstTests;
			sourceTree = "<group>";
		};
		83864F861F15A1E30095D42B /* FirstUITests */ = {
			isa = PBXGroup;
			children = (
				83864F871F15A1E30095D42B /* FirstUITests.swift */,
				83864F891F15A1E30095D42B /* Info.plist */,
			);
			path = FirstUITests;
			sourceTree = "<group>";
		};
/* End PBXGroup section */

/* Begin PBXNativeTarget section */
		83864F661F15A1E20095D42B /* First */ = {
			isa = PBXNativeTarget;
			buildConfigurationList = 83864F8C1F15A1E30095D42B /* Build configuration list for PBXNativeTarget "First" */;
			buildPhases = (
				83864F631F15A1E20095D42B /* Sources */,
				83864F641F15A1E20095D42B /* Frameworks */,
				83864F651F15A1E20095D42B /* Resources */,
			);
			buildRules = (
			);
			dependencies = (
			);
			name = First;
			productName = First;
			productReference = 83864F671F15A1E20095D42B /* First.app */;
			productType = "com.apple.product-type.application";
		};
		83864F771F15A1E30095D42B /* FirstTests */ = {
			isa = PBXNativeTarget;
			buildConfigurationList = 83864F8F1F15A1E30095D42B /* Build configuration list for PBXNativeTarget "FirstTests" */;
			buildPhases = (
				83864F741F15A1E30095D42B /* Sources */,
				83864F751F15A1E30095D42B /* Frameworks */,
				83864F761F15A1E30095D42B /* Resources */,
			);
			buildRules = (
			);
			dependencies = (
				83864F7A1F15A1E30095D42B /* PBXTargetDependency */,
			);
			name = FirstTests;
			productName = FirstTests;
			productReference = 83864F781F15A1E30095D42B /* FirstTests.xctest */;
			productType = "com.apple.product-type.bundle.unit-test";
		};
		83864F821F15A1E30095D42B /* FirstUITests */ = {
			isa = PBXNativeTarget;
			buildConfigurationList = 83864F921F15A1E30095D42B /* Build configuration list for PBXNativeTarget "FirstUITests" */;
			buildPhases = (
				83864F7F1F15A1E30095D42B /* Sources */,
				83864F801F15A1E30095D42B /* Frameworks */,
				83864F811F15A1E30095D42B /* Resources */,
			);
			buildRules = (
			);
			dependencies = (
				83864F851F15A1E30095D42B /* PBXTargetDependency */,
			);
			name = FirstUITests;
			productName = FirstUITests;
			productReference = 83864F831F15A1E30095D42B /* FirstUITests.xctest */;
			productType = "com.apple.product-type.bundle.ui-testing";
		};
/* End PBXNativeTarget section */

/* Begin PBXProject section */
		83864F5F1F15A1E20095D42B /* Project object */ = {
			isa = PBXProject;
			attributes = {
				LastSwiftUpdateCheck = 0830;
				LastUpgradeCheck = 0830;
				ORGANIZATIONNAME = "Christopher Ok'Onkwo";
				TargetAttributes = {
					83864F661F15A1E20095D42B = {
						CreatedOnToolsVersion = 8.3.3;
						ProvisioningStyle = Automatic;
					};
					83864F771F15A1E30095D42B = {
						CreatedOnToolsVersion = 8.3.3;
						ProvisioningStyle = Automatic;
						TestTargetID = 83864F661F15A1E20095D42B;
					};
					83864F821F15A1E30095D42B = {
						CreatedOnToolsVersion = 8.3.3;
						ProvisioningStyle = Automatic;
						TestTargetID = 83864F661F15A1E20095D42B;
					};
				};
			};
			buildConfigurationList = 83864F621F15A1E20095D42B /* Build configuration list for PBXProject "First" */;
			compatibilityVersion = "Xcode 3.2";
			developmentRegion = English;
			hasScannedForEncodings = 0;
			knownRegions = (
				en,
				Base,
			);
			mainGroup = 83864F5E1F15A1E20095D42B;
			productRefGroup = 83864F681F15A1E20095D42B /* Products */;
			projectDirPath = "";
			projectRoot = "";
			targets = (
				83864F661F15A1E20095D42B /* First */,
				83864F771F15A1E30095D42B /* FirstTests */,
				83864F821F15A1E30095D42B /* FirstUITests */,
			);
		};
/* End PBXProject section */

/* Begin PBXResourcesBuildPhase section */
		83864F651F15A1E20095D42B /* Resources */ = {
			isa = PBXResourcesBuildPhase;
			buildActionMask = 2147483647;
			files = (
				83864F6F1F15A1E20095D42B /* Assets.xcassets in Resources */,
				83864F721F15A1E20095D42B /* Main.storyboard in Resources */,
			);
			runOnlyForDeploymentPostprocessing = 0;
		};
		83864F761F15A1E30095D42B /* Resources */ = {
			isa = PBXResourcesBuildPhase;
			buildActionMask = 2147483647;
			files = (
			);
			runOnlyForDeploymentPostprocessing = 0;
		};
		83864F811F15A1E30095D42B /* Resources */ = {
			isa = PBXResourcesBuildPhase;
			buildActionMask = 2147483647;
			files = (
			);
			runOnlyForDeploymentPostprocessing = 0;
		};
/* End PBXResourcesBuildPhase section */

/* Begin PBXSourcesBuildPhase section */
		83864F631F15A1E20095D42B /* Sources */ = {
			isa = PBXSourcesBuildPhase;
			buildActionMask = 2147483647;
			files = (
				83864F6D1F15A1E20095D42B /* ViewController.swift in Sources */,
				83864F6B1F15A1E20095D42B /* AppDelegate.swift in Sources */,
			);
			runOnlyForDeploymentPostprocessing = 0;
		};
		83864F741F15A1E30095D42B /* Sources */ = {
			isa = PBXSourcesBuildPhase;
			buildActionMask = 2147483647;
			files = (
				83864F7D1F15A1E30095D42B /* FirstTests.swift in Sources */,
			);
			runOnlyForDeploymentPostprocessing = 0;
		};
		83864F7F1F15A1E30095D42B /* Sources */ = {
			isa = PBXSourcesBuildPhase;
			buildActionMask = 2147483647;
			files = (
				83864F881F15A1E30095D42B /* FirstUITests.swift in Sources */,
			);
			runOnlyForDeploymentPostprocessing = 0;
		};
/* End PBXSourcesBuildPhase section */

/* Begin PBXTargetDependency section */
		83864F7A1F15A1E30095D42B /* PBXTargetDependency */ = {
			isa = PBXTargetDependency;
			target = 83864F661F15A1E20095D42B /* First */;
			targetProxy = 83864F791F15A1E30095D42B /* PBXContainerItemProxy */;
		};
		83864F851F15A1E30095D42B /* PBXTargetDependency */ = {
			isa = PBXTargetDependency;
			target = 83864F661F15A1E20095D42B /* First */;
			targetProxy = 83864F841F15A1E30095D42B /* PBXContainerItemProxy */;
		};
/* End PBXTargetDependency section */

/* Begin PBXVariantGroup section */
		83864F701F15A1E20095D42B /* Main.storyboard */ = {
			isa = PBXVariantGroup;
			children = (
				83864F711F15A1E20095D42B /* Base */,
			);
			name = Main.storyboard;
			sourceTree = "<group>";
		};
/* End PBXVariantGroup section */

/* Begin XCBuildConfiguration section */
		83864F8A1F15A1E30095D42B /* Debug */ = {
			isa = XCBuildConfiguration;
			buildSettings = {
				ALWAYS_SEARCH_USER_PATHS = NO;
				CLANG_ANALYZER_NONNULL = YES;
				CLANG_ANALYZER_NUMBER_OBJECT_CONVERSION = YES_AGGRESSIVE;
				CLANG_CXX_LANGUAGE_STANDARD = "gnu++0x";
				CLANG_CXX_LIBRARY = "libc++";
				CLANG_ENABLE_MODULES = YES;
				CLANG_ENABLE_OBJC_ARC = YES;
				CLANG_WARN_BOOL_CONVERSION = YES;
				CLANG_WARN_CONSTANT_CONVERSION = YES;
				CLANG_WARN_DIRECT_OBJC_ISA_USAGE = YES_ERROR;
				CLANG_WARN_DOCUMENTATION_COMMENTS = YES;
				CLANG_WARN_EMPTY_BODY = YES;
				CLANG_WARN_ENUM_CONVERSION = YES;
				CLANG_WARN_INFINITE_RECURSION = YES;
				CLANG_WARN_INT_CONVERSION = YES;
				CLANG_WARN_OBJC_ROOT_CLASS = YES_ERROR;
				CLANG_WARN_SUSPICIOUS_MOVE = YES;
				CLANG_WARN_UNREACHABLE_CODE = YES;
				CLANG_WARN__DUPLICATE_METHOD_MATCH = YES;
				CODE_SIGN_IDENTITY = "-";
				COPY_PHASE_STRIP = NO;
				DEBUG_INFORMATION_FORMAT = dwarf;
				ENABLE_STRICT_OBJC_MSGSEND = YES;
				ENABLE_TESTABILITY = YES;
				GCC_C_LANGUAGE_STANDARD = gnu99;
				GCC_DYNAMIC_NO_PIC = NO;
				GCC_NO_COMMON_BLOCKS = YES;
				GCC_OPTIMIZATION_LEVEL = 0;
				GCC_PREPROCESSOR_DEFINITIONS = (
					"DEBUG=1",
					"$(inherited)",
				);
				GCC_WARN_64_TO_32_BIT_CONVERSION = YES;
				GCC_WARN_ABOUT_RETURN_TYPE = YES_ERROR;
				GCC_WARN_UNDECLARED_SELECTOR = YES;
				GCC_WARN_UNINITIALIZED_AUTOS = YES_AGGRESSIVE;
				GCC_WARN_UNUSED_FUNCTION = YES;
				GCC_WARN_UNUSED_VARIABLE = YES;
				MACOSX_DEPLOYMENT_TARGET = 10.12;
				MTL_ENABLE_DEBUG_INFO = YES;
				ONLY_ACTIVE_ARCH = YES;
				SDKROOT = macosx;
				SWIFT_ACTIVE_COMPILATION_CONDITIONS = DEBUG;
				SWIFT_OPTIMIZATION_LEVEL = "-Onone";
			};
			name = Debug;
		};
		83864F8B1F15A1E30095D42B /* Release */ = {
			isa = XCBuildConfiguration;
			buildSettings = {
				ALWAYS_SEARCH_USER_PATHS = NO;
				CLANG_ANALYZER_NONNULL = YES;
				CLANG_ANALYZER_NUMBER_OBJECT_CONVERSION = YES_AGGRESSIVE;
				CLANG_CXX_LANGUAGE_STANDARD = "gnu++0x";
				CLANG_CXX_LIBRARY = "libc++";
				CLANG_ENABLE_MODULES = YES;
				CLANG_ENABLE_OBJC_ARC = YES;
				CLANG_WARN_BOOL_CONVERSION = YES;
				CLANG_WARN_CONSTANT_CONVERSION = YES;
				CLANG_WARN_DIRECT_OBJC_ISA_USAGE = YES_ERROR;
				CLANG_WARN_DOCUMENTATION_COMMENTS = YES;
				CLANG_WARN_EMPTY_BODY = YES;
				CLANG_WARN_ENUM_CONVERSION = YES;
				CLANG_WARN_INFINITE_RECURSION = YES;
				CLANG_WARN_INT_CONVERSION = YES;
				CLANG_WARN_OBJC_ROOT_CLASS = YES_ERROR;
				CLANG_WARN_SUSPICIOUS_MOVE = YES;
				CLANG_WARN_UNREACHABLE_CODE = YES;
				CLANG_WARN__DUPLICATE_METHOD_MATCH = YES;
				CODE_SIGN_IDENTITY = "-";
				COPY_PHASE_STRIP = NO;
				DEBUG_INFORMATION_FORMAT = "dwarf-with-dsym";
				ENABLE_NS_ASSERTIONS = NO;
				ENABLE_STRICT_OBJC_MSGSEND = YES;
				GCC_C_LANGUAGE_STANDARD = gnu99;
				GCC_NO_COMMON_BLOCKS = YES;
				GCC_WARN_64_TO_32_BIT_CONVERSION = YES;
				GCC_WARN_ABOUT_RETURN_TYPE = YES_ERROR;
				GCC_WARN_UNDECLARED_SELECTOR = YES;
				GCC_WARN_UNINITIALIZED_AUTOS = YES_AGGRESSIVE;
				GCC_WARN_UNUSED_FUNCTION = YES;
				GCC_WARN_UNUSED_VARIABLE = YES;
				MACOSX_DEPLOYMENT_TARGET = 10.12;
				MTL_ENABLE_DEBUG_INFO = NO;
				SDKROOT = macosx;
				SWIFT_OPTIMIZATION_LEVEL = "-Owholemodule";
			};
			name = Release;
		};
		83864F8D1F15A1E30095D42B /* Debug */ = {
			isa = XCBuildConfiguration;
			buildSettings = {
				ASSETCATALOG_COMPILER_APPICON_NAME = AppIcon;
				COMBINE_HIDPI_IMAGES = YES;
				INFOPLIST_FILE = First/Info.plist;
				LD_RUNPATH_SEARCH_PATHS = "$(inherited) @executable_path/../Frameworks";
				PRODUCT_BUNDLE_IDENTIFIER = com.iokidoki.First;
				PRODUCT_NAME = "$(TARGET_NAME)";
				SWIFT_VERSION = 3.0;
			};
			name = Debug;
		};
		83864F8E1F15A1E30095D42B /* Release */ = {
			isa = XCBuildConfiguration;
			buildSettings = {
				ASSETCATALOG_COMPILER_APPICON_NAME = AppIcon;
				COMBINE_HIDPI_IMAGES = YES;
				INFOPLIST_FILE = First/Info.plist;
				LD_RUNPATH_SEARCH_PATHS = "$(inherited) @executable_path/../Frameworks";
				PRODUCT_BUNDLE_IDENTIFIER = com.iokidoki.First;
				PRODUCT_NAME = "$(TARGET_NAME)";
				SWIFT_VERSION = 3.0;
			};
			name = Release;
		};
		83864F901F15A1E30095D42B /* Debug */ = {
			isa = XCBuildConfiguration;
			buildSettings = {
				ALWAYS_EMBED_SWIFT_STANDARD_LIBRARIES = YES;
				BUNDLE_LOADER = "$(TEST_HOST)";
				COMBINE_HIDPI_IMAGES = YES;
				INFOPLIST_FILE = FirstTests/Info.plist;
				LD_RUNPATH_SEARCH_PATHS = "$(inherited) @executable_path/../Frameworks @loader_path/../Frameworks";
				PRODUCT_BUNDLE_IDENTIFIER = com.iokidoki.FirstTests;
				PRODUCT_NAME = "$(TARGET_NAME)";
				SWIFT_VERSION = 3.0;
				TEST_HOST = "$(BUILT_PRODUCTS_DIR)/First.app/Contents/MacOS/First";
			};
			name = Debug;
		};
		83864F911F15A1E30095D42B /* Release */ = {
			isa = XCBuildConfiguration;
			buildSettings = {
				ALWAYS_EMBED_SWIFT_STANDARD_LIBRARIES = YES;
				BUNDLE_LOADER = "$(TEST_HOST)";
				COMBINE_HIDPI_IMAGES = YES;
				INFOPLIST_FILE = FirstTests/Info.plist;
				LD_RUNPATH_SEARCH_PATHS = "$(inherited) @executable_path/../Frameworks @loader_path/../Frameworks";
				PRODUCT_BUNDLE_IDENTIFIER = com.iokidoki.FirstTests;
				PRODUCT_NAME = "$(TARGET_NAME)";
				SWIFT_VERSION = 3.0;
				TEST_HOST = "$(BUILT_PRODUCTS_DIR)/First.app/Contents/MacOS/First";
			};
			name = Release;
		};
		83864F931F15A1E30095D42B /* Debug */ = {
			isa = XCBuildConfiguration;
			buildSettings = {
				ALWAYS_EMBED_SWIFT_STANDARD_LIBRARIES = YES;
				COMBINE_HIDPI_IMAGES = YES;
				INFOPLIST_FILE = FirstUITests/Info.plist;
				LD_RUNPATH_SEARCH_PATHS = "$(inherited) @executable_path/../Frameworks @loader_path/../Frameworks";
				PRODUCT_BUNDLE_IDENTIFIER = com.iokidoki.FirstUITests;
				PRODUCT_NAME = "$(TARGET_NAME)";
				SWIFT_VERSION = 3.0;
				TEST_TARGET_NAME = First;
			};
			name = Debug;
		};
		83864F941F15A1E30095D42B /* Release */ = {
			isa = XCBuildConfiguration;
			buildSettings = {
				ALWAYS_EMBED_SWIFT_STANDARD_LIBRARIES = YES;
				COMBINE_HIDPI_IMAGES = YES;
				INFOPLIST_FILE = FirstUITests/Info.plist;
				LD_RUNPATH_SEARCH_PATHS = "$(inherited) @executable_path/../Frameworks @loader_path/../Frameworks";
				PRODUCT_BUNDLE_IDENTIFIER = com.iokidoki.FirstUITests;
				PRODUCT_NAME = "$(TARGET_NAME)";
				SWIFT_VERSION = 3.0;
				TEST_TARGET_NAME = First;
			};
			name = Release;
		};
/* End XCBuildConfiguration section */

/* Begin XCConfigurationList section */
		83864F621F15A1E20095D42B /* Build configuration list for PBXProject "First" */ = {
			isa = XCConfigurationList;
			buildConfigurations = (
				83864F8A1F15A1E30095D42B /* Debug */,
				83864F8B1F15A1E30095D42B /* Release */,
			);
			defaultConfigurationIsVisible = 0;
			defaultConfigurationName = Release;
		};
		83864F8C1F15A1E30095D42B /* Build configuration list for PBXNativeTarget "First" */ = {
			isa = XCConfigurationList;
			buildConfigurations = (
				83864F8D1F15A1E30095D42B /* Debug */,
				83864F8E1F15A1E30095D42B /* Release */,
			);
			defaultConfigurationIsVisible = 0;
		};
		83864F8F1F15A1E30095D42B /* Build configuration list for PBXNativeTarget "FirstTests" */ = {
			isa = XCConfigurationList;
			buildConfigurations = (
				83864F901F15A1E30095D42B /* Debug */,
				83864F911F15A1E30095D42B /* Release */,
			);
			defaultConfigurationIsVisible = 0;
		};
		83864F921F15A1E30095D42B /* Build configuration list for PBXNativeTarget "FirstUITests" */ = {
			isa = XCConfigurationList;
			buildConfigurations = (
				83864F931F15A1E30095D42B /* Debug */,
				83864F941F15A1E30095D42B /* Release */,
			);
			defaultConfigurationIsVisible = 0;
		};
/* End XCConfigurationList section */
	};
	rootObject = 83864F5F1F15A1E20095D42B /* Project object */;
}
